// !$*UTF8*$!
{
	archiveVersion = 1;
	classes = {
	};
	objectVersion = 77;
	objects = {

/* Begin PBXContainerItemProxy section */
		F6B87ED62CDCAACC0073C400 /* PBXContainerItemProxy */ = {
			isa = PBXContainerItemProxy;
			containerPortal = F6B87EBD2CDCAACA0073C400 /* Project object */;
			proxyType = 1;
			remoteGlobalIDString = F6B87EC42CDCAACA0073C400;
			remoteInfo = "cdc-assessment-1";
		};
		F6B87EE02CDCAACC0073C400 /* PBXContainerItemProxy */ = {
			isa = PBXContainerItemProxy;
			containerPortal = F6B87EBD2CDCAACA0073C400 /* Project object */;
			proxyType = 1;
			remoteGlobalIDString = F6B87EC42CDCAACA0073C400;
			remoteInfo = "cdc-assessment-1";
		};
/* End PBXContainerItemProxy section */

/* Begin PBXFileReference section */
		F6B87EC52CDCAACA0073C400 /* cdc-assessment-1.app */ = {isa = PBXFileReference; explicitFileType = wrapper.application; includeInIndex = 0; path = "cdc-assessment-1.app"; sourceTree = BUILT_PRODUCTS_DIR; };
		F6B87ED52CDCAACC0073C400 /* cdc-assessment-1Tests.xctest */ = {isa = PBXFileReference; explicitFileType = wrapper.cfbundle; includeInIndex = 0; path = "cdc-assessment-1Tests.xctest"; sourceTree = BUILT_PRODUCTS_DIR; };
		F6B87EDF2CDCAACC0073C400 /* cdc-assessment-1UITests.xctest */ = {isa = PBXFileReference; explicitFileType = wrapper.cfbundle; includeInIndex = 0; path = "cdc-assessment-1UITests.xctest"; sourceTree = BUILT_PRODUCTS_DIR; };
/* End PBXFileReference section */

/* Begin PBXFileSystemSynchronizedBuildFileExceptionSet section */
		F6B87F2A2CDCB22F0073C400 /* Exceptions for "cdc-assessment-1" folder in "cdc-assessment-1Tests" target */ = {
			isa = PBXFileSystemSynchronizedBuildFileExceptionSet;
			membershipExceptions = (
				AppDelegate.swift,
				Constants/cdcSapceConstants.swift,
				Constants/cdcStringContants.swift,
				CryptoList/Model/cryptoModel.swift,
				CryptoList/Model/CryptoRepository.swift,
				CryptoList/ViewModel/CryptoListViewModel.swift,
				CryptoList/Views/CryptoDetailViewController.swift,
				CryptoList/Views/CryptoListViewController.swift,
				CryptoList/Views/CryptoTableViewCell.swift,
				Tests/CryptoListTest/cryptoListTest.swift,
			);
			target = F6B87ED42CDCAACC0073C400 /* cdc-assessment-1Tests */;
		};
		F6B87F2E2CDCB2B80073C400 /* Exceptions for "cdc-assessment-1" folder in "cdc-assessment-1" target */ = {
			isa = PBXFileSystemSynchronizedBuildFileExceptionSet;
			membershipExceptions = (
				Tests/CryptoListTest/cryptoListTest.swift,
			);
			target = F6B87EC42CDCAACA0073C400 /* cdc-assessment-1 */;
		};
/* End PBXFileSystemSynchronizedBuildFileExceptionSet section */

/* Begin PBXFileSystemSynchronizedRootGroup section */
		F6B87EE22CDCAACC0073C400 /* cdc-assessment-1UITests */ = {
			isa = PBXFileSystemSynchronizedRootGroup;
			path = "cdc-assessment-1UITests";
			sourceTree = "<group>";
		};
		F6B87F0A2CDCAD400073C400 /* cdc-assessment-1 */ = {
			isa = PBXFileSystemSynchronizedRootGroup;
			exceptions = (
				F6B87F2E2CDCB2B80073C400 /* Exceptions for "cdc-assessment-1" folder in "cdc-assessment-1" target */,
				F6B87F2A2CDCB22F0073C400 /* Exceptions for "cdc-assessment-1" folder in "cdc-assessment-1Tests" target */,
			);
			path = "cdc-assessment-1";
			sourceTree = "<group>";
		};
/* End PBXFileSystemSynchronizedRootGroup section */

/* Begin PBXFrameworksBuildPhase section */
		F6B87EC22CDCAACA0073C400 /* Frameworks */ = {
			isa = PBXFrameworksBuildPhase;
			buildActionMask = 2147483647;
			files = (
			);
			runOnlyForDeploymentPostprocessing = 0;
		};
		F6B87ED22CDCAACC0073C400 /* Frameworks */ = {
			isa = PBXFrameworksBuildPhase;
			buildActionMask = 2147483647;
			files = (
			);
			runOnlyForDeploymentPostprocessing = 0;
		};
		F6B87EDC2CDCAACC0073C400 /* Frameworks */ = {
			isa = PBXFrameworksBuildPhase;
			buildActionMask = 2147483647;
			files = (
			);
			runOnlyForDeploymentPostprocessing = 0;
		};
/* End PBXFrameworksBuildPhase section */

/* Begin PBXGroup section */
		F6B87EBC2CDCAACA0073C400 = {
			isa = PBXGroup;
			children = (
				F6B87F0A2CDCAD400073C400 /* cdc-assessment-1 */,
				F6B87EE22CDCAACC0073C400 /* cdc-assessment-1UITests */,
				F6B87EC62CDCAACA0073C400 /* Products */,
			);
			sourceTree = "<group>";
		};
		F6B87EC62CDCAACA0073C400 /* Products */ = {
			isa = PBXGroup;
			children = (
				F6B87EC52CDCAACA0073C400 /* cdc-assessment-1.app */,
				F6B87ED52CDCAACC0073C400 /* cdc-assessment-1Tests.xctest */,
				F6B87EDF2CDCAACC0073C400 /* cdc-assessment-1UITests.xctest */,
			);
			name = Products;
			sourceTree = "<group>";
		};
/* End PBXGroup section */

/* Begin PBXNativeTarget section */
		F6B87EC42CDCAACA0073C400 /* cdc-assessment-1 */ = {
			isa = PBXNativeTarget;
			buildConfigurationList = F6B87EE92CDCAACC0073C400 /* Build configuration list for PBXNativeTarget "cdc-assessment-1" */;
			buildPhases = (
				F6B87EC12CDCAACA0073C400 /* Sources */,
				F6B87EC22CDCAACA0073C400 /* Frameworks */,
				F6B87EC32CDCAACA0073C400 /* Resources */,
			);
			buildRules = (
			);
			dependencies = (
			);
			fileSystemSynchronizedGroups = (
				F6B87F0A2CDCAD400073C400 /* cdc-assessment-1 */,
			);
			name = "cdc-assessment-1";
			packageProductDependencies = (
			);
			productName = "cdc-assessment-1";
			productReference = F6B87EC52CDCAACA0073C400 /* cdc-assessment-1.app */;
			productType = "com.apple.product-type.application";
		};
		F6B87ED42CDCAACC0073C400 /* cdc-assessment-1Tests */ = {
			isa = PBXNativeTarget;
			buildConfigurationList = F6B87EEC2CDCAACC0073C400 /* Build configuration list for PBXNativeTarget "cdc-assessment-1Tests" */;
			buildPhases = (
				F6B87ED12CDCAACC0073C400 /* Sources */,
				F6B87ED22CDCAACC0073C400 /* Frameworks */,
				F6B87ED32CDCAACC0073C400 /* Resources */,
			);
			buildRules = (
			);
			dependencies = (
				F6B87ED72CDCAACC0073C400 /* PBXTargetDependency */,
			);
			name = "cdc-assessment-1Tests";
			packageProductDependencies = (
			);
			productName = "cdc-assessment-1Tests";
			productReference = F6B87ED52CDCAACC0073C400 /* cdc-assessment-1Tests.xctest */;
			productType = "com.apple.product-type.bundle.unit-test";
		};
		F6B87EDE2CDCAACC0073C400 /* cdc-assessment-1UITests */ = {
			isa = PBXNativeTarget;
			buildConfigurationList = F6B87EEF2CDCAACC0073C400 /* Build configuration list for PBXNativeTarget "cdc-assessment-1UITests" */;
			buildPhases = (
				F6B87EDB2CDCAACC0073C400 /* Sources */,
				F6B87EDC2CDCAACC0073C400 /* Frameworks */,
				F6B87EDD2CDCAACC0073C400 /* Resources */,
			);
			buildRules = (
			);
			dependencies = (
				F6B87EE12CDCAACC0073C400 /* PBXTargetDependency */,
			);
			fileSystemSynchronizedGroups = (
				F6B87EE22CDCAACC0073C400 /* cdc-assessment-1UITests */,
			);
			name = "cdc-assessment-1UITests";
			packageProductDependencies = (
			);
			productName = "cdc-assessment-1UITests";
			productReference = F6B87EDF2CDCAACC0073C400 /* cdc-assessment-1UITests.xctest */;
			productType = "com.apple.product-type.bundle.ui-testing";
		};
/* End PBXNativeTarget section */

/* Begin PBXProject section */
		F6B87EBD2CDCAACA0073C400 /* Project object */ = {
			isa = PBXProject;
			attributes = {
				BuildIndependentTargetsInParallel = 1;
				LastSwiftUpdateCheck = 1600;
				LastUpgradeCheck = 1600;
				TargetAttributes = {
					F6B87EC42CDCAACA0073C400 = {
						CreatedOnToolsVersion = 16.0;
					};
					F6B87ED42CDCAACC0073C400 = {
						CreatedOnToolsVersion = 16.0;
						TestTargetID = F6B87EC42CDCAACA0073C400;
					};
					F6B87EDE2CDCAACC0073C400 = {
						CreatedOnToolsVersion = 16.0;
						TestTargetID = F6B87EC42CDCAACA0073C400;
					};
				};
			};
			buildConfigurationList = F6B87EC02CDCAACA0073C400 /* Build configuration list for PBXProject "cdc-assessment-1" */;
			developmentRegion = en;
			hasScannedForEncodings = 0;
			knownRegions = (
				en,
				Base,
			);
			mainGroup = F6B87EBC2CDCAACA0073C400;
			minimizedProjectReferenceProxies = 1;
			preferredProjectObjectVersion = 77;
			productRefGroup = F6B87EC62CDCAACA0073C400 /* Products */;
			projectDirPath = "";
			projectRoot = "";
			targets = (
				F6B87EC42CDCAACA0073C400 /* cdc-assessment-1 */,
				F6B87ED42CDCAACC0073C400 /* cdc-assessment-1Tests */,
				F6B87EDE2CDCAACC0073C400 /* cdc-assessment-1UITests */,
			);
		};
/* End PBXProject section */

/* Begin PBXResourcesBuildPhase section */
		F6B87EC32CDCAACA0073C400 /* Resources */ = {
			isa = PBXResourcesBuildPhase;
			buildActionMask = 2147483647;
			files = (
			);
			runOnlyForDeploymentPostprocessing = 0;
		};
		F6B87ED32CDCAACC0073C400 /* Resources */ = {
			isa = PBXResourcesBuildPhase;
			buildActionMask = 2147483647;
			files = (
			);
			runOnlyForDeploymentPostprocessing = 0;
		};
		F6B87EDD2CDCAACC0073C400 /* Resources */ = {
			isa = PBXResourcesBuildPhase;
			buildActionMask = 2147483647;
			files = (
			);
			runOnlyForDeploymentPostprocessing = 0;
		};
/* End PBXResourcesBuildPhase section */

/* Begin PBXSourcesBuildPhase section */
		F6B87EC12CDCAACA0073C400 /* Sources */ = {
			isa = PBXSourcesBuildPhase;
			buildActionMask = 2147483647;
			files = (
			);
			runOnlyForDeploymentPostprocessing = 0;
		};
		F6B87ED12CDCAACC0073C400 /* Sources */ = {
			isa = PBXSourcesBuildPhase;
			buildActionMask = 2147483647;
			files = (
			);
			runOnlyForDeploymentPostprocessing = 0;
		};
		F6B87EDB2CDCAACC0073C400 /* Sources */ = {
			isa = PBXSourcesBuildPhase;
			buildActionMask = 2147483647;
			files = (
			);
			runOnlyForDeploymentPostprocessing = 0;
		};
/* End PBXSourcesBuildPhase section */

/* Begin PBXTargetDependency section */
		F6B87ED72CDCAACC0073C400 /* PBXTargetDependency */ = {
			isa = PBXTargetDependency;
			target = F6B87EC42CDCAACA0073C400 /* cdc-assessment-1 */;
			targetProxy = F6B87ED62CDCAACC0073C400 /* PBXContainerItemProxy */;
		};
		F6B87EE12CDCAACC0073C400 /* PBXTargetDependency */ = {
			isa = PBXTargetDependency;
			target = F6B87EC42CDCAACA0073C400 /* cdc-assessment-1 */;
			targetProxy = F6B87EE02CDCAACC0073C400 /* PBXContainerItemProxy */;
		};
/* End PBXTargetDependency section */

/* Begin XCBuildConfiguration section */
		F6B87EE72CDCAACC0073C400 /* Debug */ = {
			isa = XCBuildConfiguration;
			buildSettings = {
				ALWAYS_SEARCH_USER_PATHS = NO;
				ASSETCATALOG_COMPILER_GENERATE_SWIFT_ASSET_SYMBOL_EXTENSIONS = YES;
				CLANG_ANALYZER_NONNULL = YES;
				CLANG_ANALYZER_NUMBER_OBJECT_CONVERSION = YES_AGGRESSIVE;
				CLANG_CXX_LANGUAGE_STANDARD = "gnu++20";
				CLANG_ENABLE_MODULES = YES;
				CLANG_ENABLE_OBJC_ARC = YES;
				CLANG_ENABLE_OBJC_WEAK = YES;
				CLANG_WARN_BLOCK_CAPTURE_AUTORELEASING = YES;
				CLANG_WARN_BOOL_CONVERSION = YES;
				CLANG_WARN_COMMA = YES;
				CLANG_WARN_CONSTANT_CONVERSION = YES;
				CLANG_WARN_DEPRECATED_OBJC_IMPLEMENTATIONS = YES;
				CLANG_WARN_DIRECT_OBJC_ISA_USAGE = YES_ERROR;
				CLANG_WARN_DOCUMENTATION_COMMENTS = YES;
				CLANG_WARN_EMPTY_BODY = YES;
				CLANG_WARN_ENUM_CONVERSION = YES;
				CLANG_WARN_INFINITE_RECURSION = YES;
				CLANG_WARN_INT_CONVERSION = YES;
				CLANG_WARN_NON_LITERAL_NULL_CONVERSION = YES;
				CLANG_WARN_OBJC_IMPLICIT_RETAIN_SELF = YES;
				CLANG_WARN_OBJC_LITERAL_CONVERSION = YES;
				CLANG_WARN_OBJC_ROOT_CLASS = YES_ERROR;
				CLANG_WARN_QUOTED_INCLUDE_IN_FRAMEWORK_HEADER = YES;
				CLANG_WARN_RANGE_LOOP_ANALYSIS = YES;
				CLANG_WARN_STRICT_PROTOTYPES = YES;
				CLANG_WARN_SUSPICIOUS_MOVE = YES;
				CLANG_WARN_UNGUARDED_AVAILABILITY = YES_AGGRESSIVE;
				CLANG_WARN_UNREACHABLE_CODE = YES;
				CLANG_WARN__DUPLICATE_METHOD_MATCH = YES;
				COPY_PHASE_STRIP = NO;
				DEBUG_INFORMATION_FORMAT = dwarf;
				ENABLE_STRICT_OBJC_MSGSEND = YES;
				ENABLE_TESTABILITY = YES;
				ENABLE_USER_SCRIPT_SANDBOXING = YES;
				GCC_C_LANGUAGE_STANDARD = gnu17;
				GCC_DYNAMIC_NO_PIC = NO;
				GCC_NO_COMMON_BLOCKS = YES;
				GCC_OPTIMIZATION_LEVEL = 0;
				GCC_PREPROCESSOR_DEFINITIONS = (
					"DEBUG=1",
					"$(inherited)",
				);
				GCC_WARN_64_TO_32_BIT_CONVERSION = YES;
				GCC_WARN_ABOUT_RETURN_TYPE = YES_ERROR;
				GCC_WARN_UNDECLARED_SELECTOR = YES;
				GCC_WARN_UNINITIALIZED_AUTOS = YES_AGGRESSIVE;
				GCC_WARN_UNUSED_FUNCTION = YES;
				GCC_WARN_UNUSED_VARIABLE = YES;
				IPHONEOS_DEPLOYMENT_TARGET = 18.0;
				LOCALIZATION_PREFERS_STRING_CATALOGS = YES;
				MTL_ENABLE_DEBUG_INFO = INCLUDE_SOURCE;
				MTL_FAST_MATH = YES;
				ONLY_ACTIVE_ARCH = YES;
				SDKROOT = iphoneos;
				SWIFT_ACTIVE_COMPILATION_CONDITIONS = "DEBUG $(inherited)";
				SWIFT_OPTIMIZATION_LEVEL = "-Onone";
			};
			name = Debug;
		};
		F6B87EE82CDCAACC0073C400 /* Release */ = {
			isa = XCBuildConfiguration;
			buildSettings = {
				ALWAYS_SEARCH_USER_PATHS = NO;
				ASSETCATALOG_COMPILER_GENERATE_SWIFT_ASSET_SYMBOL_EXTENSIONS = YES;
				CLANG_ANALYZER_NONNULL = YES;
				CLANG_ANALYZER_NUMBER_OBJECT_CONVERSION = YES_AGGRESSIVE;
				CLANG_CXX_LANGUAGE_STANDARD = "gnu++20";
				CLANG_ENABLE_MODULES = YES;
				CLANG_ENABLE_OBJC_ARC = YES;
				CLANG_ENABLE_OBJC_WEAK = YES;
				CLANG_WARN_BLOCK_CAPTURE_AUTORELEASING = YES;
				CLANG_WARN_BOOL_CONVERSION = YES;
				CLANG_WARN_COMMA = YES;
				CLANG_WARN_CONSTANT_CONVERSION = YES;
				CLANG_WARN_DEPRECATED_OBJC_IMPLEMENTATIONS = YES;
				CLANG_WARN_DIRECT_OBJC_ISA_USAGE = YES_ERROR;
				CLANG_WARN_DOCUMENTATION_COMMENTS = YES;
				CLANG_WARN_EMPTY_BODY = YES;
				CLANG_WARN_ENUM_CONVERSION = YES;
				CLANG_WARN_INFINITE_RECURSION = YES;
				CLANG_WARN_INT_CONVERSION = YES;
				CLANG_WARN_NON_LITERAL_NULL_CONVERSION = YES;
				CLANG_WARN_OBJC_IMPLICIT_RETAIN_SELF = YES;
				CLANG_WARN_OBJC_LITERAL_CONVERSION = YES;
				CLANG_WARN_OBJC_ROOT_CLASS = YES_ERROR;
				CLANG_WARN_QUOTED_INCLUDE_IN_FRAMEWORK_HEADER = YES;
				CLANG_WARN_RANGE_LOOP_ANALYSIS = YES;
				CLANG_WARN_STRICT_PROTOTYPES = YES;
				CLANG_WARN_SUSPICIOUS_MOVE = YES;
				CLANG_WARN_UNGUARDED_AVAILABILITY = YES_AGGRESSIVE;
				CLANG_WARN_UNREACHABLE_CODE = YES;
				CLANG_WARN__DUPLICATE_METHOD_MATCH = YES;
				COPY_PHASE_STRIP = NO;
				DEBUG_INFORMATION_FORMAT = "dwarf-with-dsym";
				ENABLE_NS_ASSERTIONS = NO;
				ENABLE_STRICT_OBJC_MSGSEND = YES;
				ENABLE_USER_SCRIPT_SANDBOXING = YES;
				GCC_C_LANGUAGE_STANDARD = gnu17;
				GCC_NO_COMMON_BLOCKS = YES;
				GCC_WARN_64_TO_32_BIT_CONVERSION = YES;
				GCC_WARN_ABOUT_RETURN_TYPE = YES_ERROR;
				GCC_WARN_UNDECLARED_SELECTOR = YES;
				GCC_WARN_UNINITIALIZED_AUTOS = YES_AGGRESSIVE;
				GCC_WARN_UNUSED_FUNCTION = YES;
				GCC_WARN_UNUSED_VARIABLE = YES;
				IPHONEOS_DEPLOYMENT_TARGET = 18.0;
				LOCALIZATION_PREFERS_STRING_CATALOGS = YES;
				MTL_ENABLE_DEBUG_INFO = NO;
				MTL_FAST_MATH = YES;
				SDKROOT = iphoneos;
				SWIFT_COMPILATION_MODE = wholemodule;
				VALIDATE_PRODUCT = YES;
			};
			name = Release;
		};
		F6B87EEA2CDCAACC0073C400 /* Debug */ = {
			isa = XCBuildConfiguration;
			buildSettings = {
				ASSETCATALOG_COMPILER_APPICON_NAME = AppIcon;
				ASSETCATALOG_COMPILER_GLOBAL_ACCENT_COLOR_NAME = AccentColor;
				CODE_SIGN_STYLE = Automatic;
				CURRENT_PROJECT_VERSION = 1;
				ENABLE_PREVIEWS = YES;
				GENERATE_INFOPLIST_FILE = YES;
				INFOPLIST_KEY_UIApplicationSupportsIndirectInputEvents = YES;
				INFOPLIST_KEY_UILaunchScreen_Generation = YES;
				INFOPLIST_KEY_UISupportedInterfaceOrientations_iPad = "UIInterfaceOrientationPortrait UIInterfaceOrientationPortraitUpsideDown UIInterfaceOrientationLandscapeLeft UIInterfaceOrientationLandscapeRight";
				INFOPLIST_KEY_UISupportedInterfaceOrientations_iPhone = "UIInterfaceOrientationPortrait UIInterfaceOrientationLandscapeLeft UIInterfaceOrientationLandscapeRight";
				LD_RUNPATH_SEARCH_PATHS = (
					"$(inherited)",
					"@executable_path/Frameworks",
				);
				MARKETING_VERSION = 1.0;
				PRODUCT_BUNDLE_IDENTIFIER = "CDC.cdc-assessment-1";
				PRODUCT_NAME = "$(TARGET_NAME)";
				SWIFT_EMIT_LOC_STRINGS = YES;
				SWIFT_VERSION = 5.0;
				TARGETED_DEVICE_FAMILY = "1,2";
			};
			name = Debug;
		};
		F6B87EEB2CDCAACC0073C400 /* Release */ = {
			isa = XCBuildConfiguration;
			buildSettings = {
				ASSETCATALOG_COMPILER_APPICON_NAME = AppIcon;
				ASSETCATALOG_COMPILER_GLOBAL_ACCENT_COLOR_NAME = AccentColor;
				CODE_SIGN_STYLE = Automatic;
				CURRENT_PROJECT_VERSION = 1;
				ENABLE_PREVIEWS = YES;
				GENERATE_INFOPLIST_FILE = YES;
				INFOPLIST_KEY_UIApplicationSupportsIndirectInputEvents = YES;
				INFOPLIST_KEY_UILaunchScreen_Generation = YES;
				INFOPLIST_KEY_UISupportedInterfaceOrientations_iPad = "UIInterfaceOrientationPortrait UIInterfaceOrientationPortraitUpsideDown UIInterfaceOrientationLandscapeLeft UIInterfaceOrientationLandscapeRight";
				INFOPLIST_KEY_UISupportedInterfaceOrientations_iPhone = "UIInterfaceOrientationPortrait UIInterfaceOrientationLandscapeLeft UIInterfaceOrientationLandscapeRight";
				LD_RUNPATH_SEARCH_PATHS = (
					"$(inherited)",
					"@executable_path/Frameworks",
				);
				MARKETING_VERSION = 1.0;
				PRODUCT_BUNDLE_IDENTIFIER = "CDC.cdc-assessment-1";
				PRODUCT_NAME = "$(TARGET_NAME)";
				SWIFT_EMIT_LOC_STRINGS = YES;
				SWIFT_VERSION = 5.0;
				TARGETED_DEVICE_FAMILY = "1,2";
			};
			name = Release;
		};
		F6B87EED2CDCAACC0073C400 /* Debug */ = {
			isa = XCBuildConfiguration;
			buildSettings = {
				BUNDLE_LOADER = "$(TEST_HOST)";
				CODE_SIGN_STYLE = Automatic;
				CURRENT_PROJECT_VERSION = 1;
				GENERATE_INFOPLIST_FILE = YES;
				IPHONEOS_DEPLOYMENT_TARGET = 18.0;
				MARKETING_VERSION = 1.0;
				PRODUCT_BUNDLE_IDENTIFIER = "CDC.cdc-assessment-1Tests";
				PRODUCT_NAME = "$(TARGET_NAME)";
				SWIFT_EMIT_LOC_STRINGS = NO;
				SWIFT_VERSION = 5.0;
				TARGETED_DEVICE_FAMILY = "1,2";
				TEST_HOST = "$(BUILT_PRODUCTS_DIR)/cdc-assessment-1.app/$(BUNDLE_EXECUTABLE_FOLDER_PATH)/cdc-assessment-1";
			};
			name = Debug;
		};
		F6B87EEE2CDCAACC0073C400 /* Release */ = {
			isa = XCBuildConfiguration;
			buildSettings = {
				BUNDLE_LOADER = "$(TEST_HOST)";
				CODE_SIGN_STYLE = Automatic;
				CURRENT_PROJECT_VERSION = 1;
				GENERATE_INFOPLIST_FILE = YES;
				IPHONEOS_DEPLOYMENT_TARGET = 18.0;
				MARKETING_VERSION = 1.0;
				PRODUCT_BUNDLE_IDENTIFIER = "CDC.cdc-assessment-1Tests";
				PRODUCT_NAME = "$(TARGET_NAME)";
				SWIFT_EMIT_LOC_STRINGS = NO;
				SWIFT_VERSION = 5.0;
				TARGETED_DEVICE_FAMILY = "1,2";
				TEST_HOST = "$(BUILT_PRODUCTS_DIR)/cdc-assessment-1.app/$(BUNDLE_EXECUTABLE_FOLDER_PATH)/cdc-assessment-1";
			};
			name = Release;
		};
		F6B87EF02CDCAACC0073C400 /* Debug */ = {
			isa = XCBuildConfiguration;
			buildSettings = {
				CODE_SIGN_STYLE = Automatic;
				CURRENT_PROJECT_VERSION = 1;
				GENERATE_INFOPLIST_FILE = YES;
				MARKETING_VERSION = 1.0;
				PRODUCT_BUNDLE_IDENTIFIER = "CDC.cdc-assessment-1UITests";
				PRODUCT_NAME = "$(TARGET_NAME)";
				SWIFT_EMIT_LOC_STRINGS = NO;
				SWIFT_VERSION = 5.0;
				TARGETED_DEVICE_FAMILY = "1,2";
				TEST_TARGET_NAME = "cdc-assessment-1";
			};
			name = Debug;
		};
		F6B87EF12CDCAACC0073C400 /* Release */ = {
			isa = XCBuildConfiguration;
			buildSettings = {
				CODE_SIGN_STYLE = Automatic;
				CURRENT_PROJECT_VERSION = 1;
				GENERATE_INFOPLIST_FILE = YES;
				MARKETING_VERSION = 1.0;
				PRODUCT_BUNDLE_IDENTIFIER = "CDC.cdc-assessment-1UITests";
				PRODUCT_NAME = "$(TARGET_NAME)";
				SWIFT_EMIT_LOC_STRINGS = NO;
				SWIFT_VERSION = 5.0;
				TARGETED_DEVICE_FAMILY = "1,2";
				TEST_TARGET_NAME = "cdc-assessment-1";
			};
			name = Release;
		};
/* End XCBuildConfiguration section */

/* Begin XCConfigurationList section */
		F6B87EC02CDCAACA0073C400 /* Build configuration list for PBXProject "cdc-assessment-1" */ = {
			isa = XCConfigurationList;
			buildConfigurations = (
				F6B87EE72CDCAACC0073C400 /* Debug */,
				F6B87EE82CDCAACC0073C400 /* Release */,
			);
			defaultConfigurationIsVisible = 0;
			defaultConfigurationName = Release;
		};
		F6B87EE92CDCAACC0073C400 /* Build configuration list for PBXNativeTarget "cdc-assessment-1" */ = {
			isa = XCConfigurationList;
			buildConfigurations = (
				F6B87EEA2CDCAACC0073C400 /* Debug */,
				F6B87EEB2CDCAACC0073C400 /* Release */,
			);
			defaultConfigurationIsVisible = 0;
			defaultConfigurationName = Release;
		};
		F6B87EEC2CDCAACC0073C400 /* Build configuration list for PBXNativeTarget "cdc-assessment-1Tests" */ = {
			isa = XCConfigurationList;
			buildConfigurations = (
				F6B87EED2CDCAACC0073C400 /* Debug */,
				F6B87EEE2CDCAACC0073C400 /* Release */,
			);
			defaultConfigurationIsVisible = 0;
			defaultConfigurationName = Release;
		};
		F6B87EEF2CDCAACC0073C400 /* Build configuration list for PBXNativeTarget "cdc-assessment-1UITests" */ = {
			isa = XCConfigurationList;
			buildConfigurations = (
				F6B87EF02CDCAACC0073C400 /* Debug */,
				F6B87EF12CDCAACC0073C400 /* Release */,
			);
			defaultConfigurationIsVisible = 0;
			defaultConfigurationName = Release;
		};
/* End XCConfigurationList section */
	};
	rootObject = F6B87EBD2CDCAACA0073C400 /* Project object */;
}
